
Microsoft Visual Studio Solution File, Format Version 12.00
# Visual Studio 14
VisualStudioVersion = 14.0.25420.1
MinimumVisualStudioVersion = 10.0.40219.1
Project("{FAE04EC0-301F-11D3-BF4B-00C04F79EFBC}") = "dsiEMVX.CSharp", "dsiEMVX.CSharp\dsiEMVX.CSharp.csproj", "{74786103-8D40-42FC-A4E1-763EBD1A02FE}"
EndProject
Global
	GlobalSection(SolutionConfigurationPlatforms) = preSolution
		Debug|Any CPU = Debug|Any CPU
		Release|Any CPU = Release|Any CPU
	EndGlobalSection
	GlobalSection(ProjectConfigurationPlatforms) = postSolution
		{74786103-8D40-42FC-A4E1-763EBD1A02FE}.Debug|Any CPU.ActiveCfg = Debug|Any CPU
		{74786103-8D40-42FC-A4E1-763EBD1A02FE}.Debug|Any CPU.Build.0 = Debug|Any CPU
		{74786103-8D40-42FC-A4E1-763EBD1A02FE}.Release|Any CPU.ActiveCfg = Release|Any CPU
		{74786103-8D40-42FC-A4E1-763EBD1A02FE}.Release|Any CPU.Build.0 = Release|Any CPU
	EndGlobalSection
	GlobalSection(SolutionProperties) = preSolution
		HideSolutionNode = FALSE
	EndGlobalSection
EndGlobal
